
Microsoft Visual Studio Solution File, Format Version 12.00
# Visual Studio 15
VisualStudioVersion = 15.0.28010.2048
MinimumVisualStudioVersion = 10.0.40219.1
Project("{FAE04EC0-301F-11D3-BF4B-00C04F79EFBC}") = "SnakesAndLadders", "SnakesAndLadders\SnakesAndLadders.csproj", "{2D5E25E1-129F-4602-A3BC-793050B4C4F9}"
EndProject
Project("{FAE04EC0-301F-11D3-BF4B-00C04F79EFBC}") = "SnakesAndLadders.Tests", "SnakesAndLadders.Tests\SnakesAndLadders.Tests.csproj", "{C03CC2F2-79CF-42A2-9F7B-5EACC8087DB1}"
EndProject
Global
	GlobalSection(SolutionConfigurationPlatforms) = preSolution
		Debug|Any CPU = Debug|Any CPU
		Release|Any CPU = Release|Any CPU
	EndGlobalSection
	GlobalSection(ProjectConfigurationPlatforms) = postSolution
		{2D5E25E1-129F-4602-A3BC-793050B4C4F9}.Debug|Any CPU.ActiveCfg = Debug|Any CPU
		{2D5E25E1-129F-4602-A3BC-793050B4C4F9}.Debug|Any CPU.Build.0 = Debug|Any CPU
		{2D5E25E1-129F-4602-A3BC-793050B4C4F9}.Release|Any CPU.ActiveCfg = Release|Any CPU
		{2D5E25E1-129F-4602-A3BC-793050B4C4F9}.Release|Any CPU.Build.0 = Release|Any CPU
		{C03CC2F2-79CF-42A2-9F7B-5EACC8087DB1}.Debug|Any CPU.ActiveCfg = Debug|Any CPU
		{C03CC2F2-79CF-42A2-9F7B-5EACC8087DB1}.Debug|Any CPU.Build.0 = Debug|Any CPU
		{C03CC2F2-79CF-42A2-9F7B-5EACC8087DB1}.Release|Any CPU.ActiveCfg = Release|Any CPU
		{C03CC2F2-79CF-42A2-9F7B-5EACC8087DB1}.Release|Any CPU.Build.0 = Release|Any CPU
	EndGlobalSection
	GlobalSection(SolutionProperties) = preSolution
		HideSolutionNode = FALSE
	EndGlobalSection
	GlobalSection(ExtensibilityGlobals) = postSolution
		SolutionGuid = {DCD72D9D-84CC-41B8-ADA4-E0EDF7ABFDC3}
	EndGlobalSection
EndGlobal
